
Microsoft Visual Studio Solution File, Format Version 12.00
# Visual Studio Version 17
VisualStudioVersion = 17.11.35222.181
MinimumVisualStudioVersion = 10.0.40219.1
Project("{9A19103F-16F7-4668-BE54-9A1E7A4F7556}") = "Deaddit", "Deaddit\Deaddit.csproj", "{F2BB44D1-1977-4D16-A0F4-A88564E5F429}"
EndProject
Project("{9A19103F-16F7-4668-BE54-9A1E7A4F7556}") = "Deaddit.Tests", "Deaddit.Tests\Deaddit.Tests.csproj", "{F1E6EF3E-4207-43F9-9652-8CA632FC4CD9}"
EndProject
Project("{2150E333-8FDC-42A3-9474-1A3956D46DE8}") = "Solution Items", "Solution Items", "{DC6B1B6B-13E7-42EC-BCB0-2D3445FD52E8}"
	ProjectSection(SolutionItems) = preProject
		.editorconfig = .editorconfig
		.gitignore = .gitignore
		BuildAndPublish.bat = BuildAndPublish.bat
		BuildRelease.bat = BuildRelease.bat
		PostRelease.ps1 = PostRelease.ps1
		PublishRelease.bat = PublishRelease.bat
		README.md = README.md
		TODO.md = TODO.md
	EndProjectSection
EndProject
Project("{9A19103F-16F7-4668-BE54-9A1E7A4F7556}") = "Deaddit.Core", "Deaddit.Core\Deaddit.Core.csproj", "{425AA3B7-2E87-462C-95A5-5623EF09D9FF}"
EndProject
Project("{9A19103F-16F7-4668-BE54-9A1E7A4F7556}") = "Maui.WebComponents", "Maui.WebComponents\Maui.WebComponents.csproj", "{DD72B085-5BEA-4CB7-93A8-907CFC9EDB4F}"
EndProject
Project("{FAE04EC0-301F-11D3-BF4B-00C04F79EFBC}") = "Reddit.Api", "..\Reddit.Api\Reddit.Api\Reddit.Api.csproj", "{2C4DF3FF-C75F-4B81-A32E-F9B83D41EB01}"
EndProject
Global
	GlobalSection(SolutionConfigurationPlatforms) = preSolution
		Debug|Any CPU = Debug|Any CPU
		Release|Any CPU = Release|Any CPU
	EndGlobalSection
	GlobalSection(ProjectConfigurationPlatforms) = postSolution
		{F2BB44D1-1977-4D16-A0F4-A88564E5F429}.Debug|Any CPU.ActiveCfg = Debug|Any CPU
		{F2BB44D1-1977-4D16-A0F4-A88564E5F429}.Debug|Any CPU.Build.0 = Debug|Any CPU
		{F2BB44D1-1977-4D16-A0F4-A88564E5F429}.Debug|Any CPU.Deploy.0 = Debug|Any CPU
		{F2BB44D1-1977-4D16-A0F4-A88564E5F429}.Release|Any CPU.ActiveCfg = Release|Any CPU
		{F2BB44D1-1977-4D16-A0F4-A88564E5F429}.Release|Any CPU.Build.0 = Release|Any CPU
		{F2BB44D1-1977-4D16-A0F4-A88564E5F429}.Release|Any CPU.Deploy.0 = Release|Any CPU
		{F1E6EF3E-4207-43F9-9652-8CA632FC4CD9}.Debug|Any CPU.ActiveCfg = Debug|Any CPU
		{F1E6EF3E-4207-43F9-9652-8CA632FC4CD9}.Debug|Any CPU.Build.0 = Debug|Any CPU
		{F1E6EF3E-4207-43F9-9652-8CA632FC4CD9}.Release|Any CPU.ActiveCfg = Release|Any CPU
		{F1E6EF3E-4207-43F9-9652-8CA632FC4CD9}.Release|Any CPU.Build.0 = Release|Any CPU
		{425AA3B7-2E87-462C-95A5-5623EF09D9FF}.Debug|Any CPU.ActiveCfg = Debug|Any CPU
		{425AA3B7-2E87-462C-95A5-5623EF09D9FF}.Debug|Any CPU.Build.0 = Debug|Any CPU
		{425AA3B7-2E87-462C-95A5-5623EF09D9FF}.Release|Any CPU.ActiveCfg = Release|Any CPU
		{425AA3B7-2E87-462C-95A5-5623EF09D9FF}.Release|Any CPU.Build.0 = Release|Any CPU
		{DD72B085-5BEA-4CB7-93A8-907CFC9EDB4F}.Debug|Any CPU.ActiveCfg = Debug|Any CPU
		{DD72B085-5BEA-4CB7-93A8-907CFC9EDB4F}.Debug|Any CPU.Build.0 = Debug|Any CPU
		{DD72B085-5BEA-4CB7-93A8-907CFC9EDB4F}.Release|Any CPU.ActiveCfg = Release|Any CPU
		{DD72B085-5BEA-4CB7-93A8-907CFC9EDB4F}.Release|Any CPU.Build.0 = Release|Any CPU
		{2C4DF3FF-C75F-4B81-A32E-F9B83D41EB01}.Debug|Any CPU.ActiveCfg = Debug|Any CPU
		{2C4DF3FF-C75F-4B81-A32E-F9B83D41EB01}.Debug|Any CPU.Build.0 = Debug|Any CPU
		{2C4DF3FF-C75F-4B81-A32E-F9B83D41EB01}.Release|Any CPU.ActiveCfg = Release|Any CPU
		{2C4DF3FF-C75F-4B81-A32E-F9B83D41EB01}.Release|Any CPU.Build.0 = Release|Any CPU
	EndGlobalSection
	GlobalSection(SolutionProperties) = preSolution
		HideSolutionNode = FALSE
	EndGlobalSection
	GlobalSection(ExtensibilityGlobals) = postSolution
		SolutionGuid = {780286D7-22F4-4C66-914B-DA49E6F49C99}
	EndGlobalSection
EndGlobal
